{
  "requires": true,
  "lockfileVersion": 1,
  "dependencies": {
    "ngx-clipboard": {
      "version": "14.0.2",
      "resolved": "https://registry.npmjs.org/ngx-clipboard/-/ngx-clipboard-14.0.2.tgz",
      "integrity": "sha512-zJaFi09D2bq9X1RYvFixE0AfYOI7E8mUO8S0GXcq76HisuE816HRl+8A46G+NML5GPA3Lr5qaGnQJN533So+8g==",
      "requires": {
        "ngx-window-token": ">=4.0.0 <6.0.0",
        "tslib": "^2.0.0"
      }
    },
    "ngx-window-token": {
      "version": "5.0.0",
      "resolved": "https://registry.npmjs.org/ngx-window-token/-/ngx-window-token-5.0.0.tgz",
      "integrity": "sha512-DhigCrm9QO8R29lqJYzBC9aaTU0KiWgdnt8RNcTN/DvMaS7shfzAqyvUtxSIm/+JR4gW5JKqR/JODU8760nJMw==",
      "requires": {
        "tslib": "^2.0.0"
      }
    },
    "tslib": {
      "version": "2.3.1",
      "resolved": "https://registry.npmjs.org/tslib/-/tslib-2.3.1.tgz",
      "integrity": "sha512-77EbyPPpMz+FRFRuAFlWMtmgUWGe9UOG2Z25NqCwiIjRhOf5iKGuzSe5P2w1laq+FkRy4p+PCuVkJSGkzTEKVw=="
    }
  }
}
