{
  "requires": true,
  "lockfileVersion": 1,
  "dependencies": {
    "@angular/common": {
      "version": "11.2.2",
      "resolved": "https://registry.npmjs.org/@angular/common/-/common-11.2.2.tgz",
      "integrity": "sha512-bYzAGeSc+vD+tQsMMlarBwLUBifPF+VU1F4Wu0nTA4FCQ4uEiGG7febF4zsprxjOY8COtueIFrZh1oAUQBMRMg==",
      "requires": {
        "tslib": "^2.0.0"
      }
    },
    "@angular/core": {
      "version": "11.2.2",
      "resolved": "https://registry.npmjs.org/@angular/core/-/core-11.2.2.tgz",
      "integrity": "sha512-NjjvjMCRJpqQ6FMI/ECAOJrrpJIwNqZGORqJDHBNUqytwlmDXkq25UaiXHrpEqC7M2G+J8REhnoUGnMYqK7x+A==",
      "requires": {
        "tslib": "^2.0.0"
      }
    },
    "ngx-window-token": {
      "version": "5.0.0",
      "resolved": "https://registry.npmjs.org/ngx-window-token/-/ngx-window-token-5.0.0.tgz",
      "integrity": "sha512-DhigCrm9QO8R29lqJYzBC9aaTU0KiWgdnt8RNcTN/DvMaS7shfzAqyvUtxSIm/+JR4gW5JKqR/JODU8760nJMw==",
      "requires": {
        "tslib": "^2.0.0"
      }
    },
    "parse5": {
      "version": "5.1.1",
      "resolved": "https://registry.npmjs.org/parse5/-/parse5-5.1.1.tgz",
      "integrity": "sha512-ugq4DFI0Ptb+WWjAdOK16+u/nHfiIrcE+sh8kZMaM0WllQKLI9rOUq6c2b7cwPkXdzfQESqvoqK6ug7U/Yyzug=="
    },
    "rxjs": {
      "version": "6.5.3",
      "resolved": "https://registry.npmjs.org/rxjs/-/rxjs-6.5.3.tgz",
      "integrity": "sha512-wuYsAYYFdWTAnAaPoKGNhfpWwKZbJW+HgAJ+mImp+Epl7BG8oNWBCTyRM8gba9k4lk8BgWdoYm21Mo/RYhhbgA==",
      "requires": {
        "tslib": "^1.9.0"
      },
      "dependencies": {
        "tslib": {
          "version": "1.14.1",
          "resolved": "https://registry.npmjs.org/tslib/-/tslib-1.14.1.tgz",
          "integrity": "sha512-Xni35NKzjgMrwevysHTCArtLDpPvye8zV/0E4EyYn43P7/7qvQwPh9BGkHewbMulVntbigmcT7rdX3BNo9wRJg=="
        }
      }
    },
    "tslib": {
      "version": "2.3.1",
      "resolved": "https://registry.npmjs.org/tslib/-/tslib-2.3.1.tgz",
      "integrity": "sha512-77EbyPPpMz+FRFRuAFlWMtmgUWGe9UOG2Z25NqCwiIjRhOf5iKGuzSe5P2w1laq+FkRy4p+PCuVkJSGkzTEKVw=="
    },
    "zone.js": {
      "version": "0.11.3",
      "resolved": "https://registry.npmjs.org/zone.js/-/zone.js-0.11.3.tgz",
      "integrity": "sha512-Y4hTHoh4VcxU5BDGAqEoOnOiyT254w6CiHtpQxAJUSMZPyVgdbKf+5R7Mwz6xsPhMIeBXk5rTopRZDpjssTCUg==",
      "requires": {
        "tslib": "^2.0.0"
      }
    }
  }
}
